// !$*UTF8*$!
{
	archiveVersion = 1;
	classes = {
	};
	objectVersion = 50;
	objects = {

/* Begin PBXBuildFile section */
		00D4D2D9214B814F000814D4 /* NetworkServices.swift in Sources */ = {isa = PBXBuildFile; fileRef = 00D4D2D8214B814F000814D4 /* NetworkServices.swift */; };
		04316418FA1F54B3CE08DE13 /* Pods_TableView_Download_Image_GCD.framework in Frameworks */ = {isa = PBXBuildFile; fileRef = 69AC3D9A389534A1F48974EE /* Pods_TableView_Download_Image_GCD.framework */; };
		E39ECE8F2147A04F00AC6608 /* AppDelegate.swift in Sources */ = {isa = PBXBuildFile; fileRef = E39ECE8E2147A04F00AC6608 /* AppDelegate.swift */; };
		E39ECE912147A04F00AC6608 /* ViewController.swift in Sources */ = {isa = PBXBuildFile; fileRef = E39ECE902147A04F00AC6608 /* ViewController.swift */; };
		E39ECE942147A04F00AC6608 /* Main.storyboard in Resources */ = {isa = PBXBuildFile; fileRef = E39ECE922147A04F00AC6608 /* Main.storyboard */; };
		E39ECE962147A05200AC6608 /* Assets.xcassets in Resources */ = {isa = PBXBuildFile; fileRef = E39ECE952147A05200AC6608 /* Assets.xcassets */; };
		E39ECE992147A05200AC6608 /* LaunchScreen.storyboard in Resources */ = {isa = PBXBuildFile; fileRef = E39ECE972147A05200AC6608 /* LaunchScreen.storyboard */; };
		E39ECEBD2147BBCA00AC6608 /* DataModel.swift in Sources */ = {isa = PBXBuildFile; fileRef = E39ECEBC2147BBCA00AC6608 /* DataModel.swift */; };
		E39ECEC32147CF1300AC6608 /* CustomTableViewCell.swift in Sources */ = {isa = PBXBuildFile; fileRef = E39ECEC22147CF1300AC6608 /* CustomTableViewCell.swift */; };
		E3DDF87D214EB86D009D0929 /* TableView_Download_Image_Tests.swift in Sources */ = {isa = PBXBuildFile; fileRef = E3DDF87C214EB86D009D0929 /* TableView_Download_Image_Tests.swift */; };
		E3DDF8C3214EEB0A009D0929 /* NetworkServices.swift in Sources */ = {isa = PBXBuildFile; fileRef = E3DDF8C2214EEB0A009D0929 /* NetworkServices.swift */; };
/* End PBXBuildFile section */

/* Begin PBXContainerItemProxy section */
		E3DDF87F214EB86D009D0929 /* PBXContainerItemProxy */ = {
			isa = PBXContainerItemProxy;
			containerPortal = E39ECE832147A04F00AC6608 /* Project object */;
			proxyType = 1;
			remoteGlobalIDString = E39ECE8A2147A04F00AC6608;
			remoteInfo = TableView_Download_Image_GCD;
		};
		E3DDF8C5214EEB0A009D0929 /* PBXContainerItemProxy */ = {
			isa = PBXContainerItemProxy;
			containerPortal = E39ECE832147A04F00AC6608 /* Project object */;
			proxyType = 1;
			remoteGlobalIDString = E39ECE8A2147A04F00AC6608;
			remoteInfo = TableView_Download_Image_GCD;
		};
/* End PBXContainerItemProxy section */

/* Begin PBXFileReference section */
		00BBDA5A214B84DB002F1B00 /* TableView_Download_Image_GCD-Bridging-Header.h */ = {isa = PBXFileReference; lastKnownFileType = sourcecode.c.h; path = "TableView_Download_Image_GCD-Bridging-Header.h"; sourceTree = "<group>"; };
		00D4D2D8214B814F000814D4 /* NetworkServices.swift */ = {isa = PBXFileReference; lastKnownFileType = sourcecode.swift; path = NetworkServices.swift; sourceTree = "<group>"; };
		05D4E9CA5DE61D860A2F4B66 /* Pods-TableView_Download_Image_GCD.debug.xcconfig */ = {isa = PBXFileReference; includeInIndex = 1; lastKnownFileType = text.xcconfig; name = "Pods-TableView_Download_Image_GCD.debug.xcconfig"; path = "Pods/Target Support Files/Pods-TableView_Download_Image_GCD/Pods-TableView_Download_Image_GCD.debug.xcconfig"; sourceTree = "<group>"; };
		0A459ECEA2579A009DF7DA5F /* Pods-TableView_Download_Image_GCD.release.xcconfig */ = {isa = PBXFileReference; includeInIndex = 1; lastKnownFileType = text.xcconfig; name = "Pods-TableView_Download_Image_GCD.release.xcconfig"; path = "Pods/Target Support Files/Pods-TableView_Download_Image_GCD/Pods-TableView_Download_Image_GCD.release.xcconfig"; sourceTree = "<group>"; };
		0AEC7498BBAA9CB2694B0827 /* Pods-TableView_Download_Image_GCDUITests.debug.xcconfig */ = {isa = PBXFileReference; includeInIndex = 1; lastKnownFileType = text.xcconfig; name = "Pods-TableView_Download_Image_GCDUITests.debug.xcconfig"; path = "Pods/Target Support Files/Pods-TableView_Download_Image_GCDUITests/Pods-TableView_Download_Image_GCDUITests.debug.xcconfig"; sourceTree = "<group>"; };
		69AC3D9A389534A1F48974EE /* Pods_TableView_Download_Image_GCD.framework */ = {isa = PBXFileReference; explicitFileType = wrapper.framework; includeInIndex = 0; path = Pods_TableView_Download_Image_GCD.framework; sourceTree = BUILT_PRODUCTS_DIR; };
		72B48B173B9C0EEC92BABC34 /* Pods-TableView_Download_Image_GCDUITests.release.xcconfig */ = {isa = PBXFileReference; includeInIndex = 1; lastKnownFileType = text.xcconfig; name = "Pods-TableView_Download_Image_GCDUITests.release.xcconfig"; path = "Pods/Target Support Files/Pods-TableView_Download_Image_GCDUITests/Pods-TableView_Download_Image_GCDUITests.release.xcconfig"; sourceTree = "<group>"; };
		D70890D804E7FFE347A90DE5 /* Pods_TableView_Download_Image_GCDUITests.framework */ = {isa = PBXFileReference; explicitFileType = wrapper.framework; includeInIndex = 0; path = Pods_TableView_Download_Image_GCDUITests.framework; sourceTree = BUILT_PRODUCTS_DIR; };
		E39ECE8B2147A04F00AC6608 /* TableView_Download_Image_GCD.app */ = {isa = PBXFileReference; explicitFileType = wrapper.application; includeInIndex = 0; path = TableView_Download_Image_GCD.app; sourceTree = BUILT_PRODUCTS_DIR; };
		E39ECE8E2147A04F00AC6608 /* AppDelegate.swift */ = {isa = PBXFileReference; lastKnownFileType = sourcecode.swift; path = AppDelegate.swift; sourceTree = "<group>"; };
		E39ECE902147A04F00AC6608 /* ViewController.swift */ = {isa = PBXFileReference; lastKnownFileType = sourcecode.swift; path = ViewController.swift; sourceTree = "<group>"; };
		E39ECE932147A04F00AC6608 /* Base */ = {isa = PBXFileReference; lastKnownFileType = file.storyboard; name = Base; path = Base.lproj/Main.storyboard; sourceTree = "<group>"; };
		E39ECE952147A05200AC6608 /* Assets.xcassets */ = {isa = PBXFileReference; lastKnownFileType = folder.assetcatalog; path = Assets.xcassets; sourceTree = "<group>"; };
		E39ECE982147A05200AC6608 /* Base */ = {isa = PBXFileReference; lastKnownFileType = file.storyboard; name = Base; path = Base.lproj/LaunchScreen.storyboard; sourceTree = "<group>"; };
		E39ECE9A2147A05200AC6608 /* Info.plist */ = {isa = PBXFileReference; lastKnownFileType = text.plist.xml; path = Info.plist; sourceTree = "<group>"; };
		E39ECEBC2147BBCA00AC6608 /* DataModel.swift */ = {isa = PBXFileReference; lastKnownFileType = sourcecode.swift; path = DataModel.swift; sourceTree = "<group>"; };
		E39ECEC22147CF1300AC6608 /* CustomTableViewCell.swift */ = {isa = PBXFileReference; lastKnownFileType = sourcecode.swift; path = CustomTableViewCell.swift; sourceTree = "<group>"; };
		E3DDF87A214EB86D009D0929 /* TableView_Download_Image_Tests.xctest */ = {isa = PBXFileReference; explicitFileType = wrapper.cfbundle; includeInIndex = 0; path = TableView_Download_Image_Tests.xctest; sourceTree = BUILT_PRODUCTS_DIR; };
		E3DDF87C214EB86D009D0929 /* TableView_Download_Image_Tests.swift */ = {isa = PBXFileReference; lastKnownFileType = sourcecode.swift; path = TableView_Download_Image_Tests.swift; sourceTree = "<group>"; };
		E3DDF87E214EB86D009D0929 /* Info.plist */ = {isa = PBXFileReference; lastKnownFileType = text.plist.xml; path = Info.plist; sourceTree = "<group>"; };
		E3DDF8C0214EEB0A009D0929 /* NetworkServices.xctest */ = {isa = PBXFileReference; explicitFileType = wrapper.cfbundle; includeInIndex = 0; path = NetworkServices.xctest; sourceTree = BUILT_PRODUCTS_DIR; };
		E3DDF8C2214EEB0A009D0929 /* NetworkServices.swift */ = {isa = PBXFileReference; lastKnownFileType = sourcecode.swift; path = NetworkServices.swift; sourceTree = "<group>"; };
		E3DDF8C4214EEB0A009D0929 /* Info.plist */ = {isa = PBXFileReference; lastKnownFileType = text.plist.xml; path = Info.plist; sourceTree = "<group>"; };
/* End PBXFileReference section */

/* Begin PBXFrameworksBuildPhase section */
		E39ECE882147A04F00AC6608 /* Frameworks */ = {
			isa = PBXFrameworksBuildPhase;
			buildActionMask = 2147483647;
			files = (
				04316418FA1F54B3CE08DE13 /* Pods_TableView_Download_Image_GCD.framework in Frameworks */,
			);
			runOnlyForDeploymentPostprocessing = 0;
		};
		E3DDF877214EB86D009D0929 /* Frameworks */ = {
			isa = PBXFrameworksBuildPhase;
			buildActionMask = 2147483647;
			files = (
			);
			runOnlyForDeploymentPostprocessing = 0;
		};
		E3DDF8BD214EEB0A009D0929 /* Frameworks */ = {
			isa = PBXFrameworksBuildPhase;
			buildActionMask = 2147483647;
			files = (
			);
			runOnlyForDeploymentPostprocessing = 0;
		};
/* End PBXFrameworksBuildPhase section */

/* Begin PBXGroup section */
		5955574098EC3B48376925A9 /* Pods */ = {
			isa = PBXGroup;
			children = (
				05D4E9CA5DE61D860A2F4B66 /* Pods-TableView_Download_Image_GCD.debug.xcconfig */,
				0A459ECEA2579A009DF7DA5F /* Pods-TableView_Download_Image_GCD.release.xcconfig */,
				0AEC7498BBAA9CB2694B0827 /* Pods-TableView_Download_Image_GCDUITests.debug.xcconfig */,
				72B48B173B9C0EEC92BABC34 /* Pods-TableView_Download_Image_GCDUITests.release.xcconfig */,
			);
			name = Pods;
			sourceTree = "<group>";
		};
		BBFA7F9600294ABDAA43268B /* Frameworks */ = {
			isa = PBXGroup;
			children = (
				69AC3D9A389534A1F48974EE /* Pods_TableView_Download_Image_GCD.framework */,
				D70890D804E7FFE347A90DE5 /* Pods_TableView_Download_Image_GCDUITests.framework */,
			);
			name = Frameworks;
			sourceTree = "<group>";
		};
		E39ECE822147A04F00AC6608 = {
			isa = PBXGroup;
			children = (
				E39ECE8D2147A04F00AC6608 /* TableView_Download_Image_GCD */,
				E3DDF87B214EB86D009D0929 /* TableView_Download_Image_Tests */,
				E3DDF8C1214EEB0A009D0929 /* NetworkServices */,
				E39ECE8C2147A04F00AC6608 /* Products */,
				5955574098EC3B48376925A9 /* Pods */,
				BBFA7F9600294ABDAA43268B /* Frameworks */,
			);
			sourceTree = "<group>";
		};
		E39ECE8C2147A04F00AC6608 /* Products */ = {
			isa = PBXGroup;
			children = (
				E39ECE8B2147A04F00AC6608 /* TableView_Download_Image_GCD.app */,
				E3DDF87A214EB86D009D0929 /* TableView_Download_Image_Tests.xctest */,
				E3DDF8C0214EEB0A009D0929 /* NetworkServices.xctest */,
			);
			name = Products;
			sourceTree = "<group>";
		};
		E39ECE8D2147A04F00AC6608 /* TableView_Download_Image_GCD */ = {
			isa = PBXGroup;
			children = (
				E3DDF8BB214EDB32009D0929 /* Controller */,
				E3DDF8BA214EDAFE009D0929 /* View */,
				E3DDF8B9214EDAE3009D0929 /* Model */,
				E39ECE8E2147A04F00AC6608 /* AppDelegate.swift */,
				E39ECE922147A04F00AC6608 /* Main.storyboard */,
				E39ECE952147A05200AC6608 /* Assets.xcassets */,
				E39ECE972147A05200AC6608 /* LaunchScreen.storyboard */,
				E39ECE9A2147A05200AC6608 /* Info.plist */,
				00BBDA5A214B84DB002F1B00 /* TableView_Download_Image_GCD-Bridging-Header.h */,
			);
			path = TableView_Download_Image_GCD;
			sourceTree = "<group>";
		};
		E3DDF87B214EB86D009D0929 /* TableView_Download_Image_Tests */ = {
			isa = PBXGroup;
			children = (
				E3DDF87C214EB86D009D0929 /* TableView_Download_Image_Tests.swift */,
				E3DDF87E214EB86D009D0929 /* Info.plist */,
			);
			path = TableView_Download_Image_Tests;
			sourceTree = "<group>";
		};
		E3DDF8B9214EDAE3009D0929 /* Model */ = {
			isa = PBXGroup;
			children = (
				E39ECEBC2147BBCA00AC6608 /* DataModel.swift */,
			);
			path = Model;
			sourceTree = "<group>";
		};
		E3DDF8BA214EDAFE009D0929 /* View */ = {
			isa = PBXGroup;
			children = (
				E39ECEC22147CF1300AC6608 /* CustomTableViewCell.swift */,
			);
			path = View;
			sourceTree = "<group>";
		};
		E3DDF8BB214EDB32009D0929 /* Controller */ = {
			isa = PBXGroup;
			children = (
				E39ECE902147A04F00AC6608 /* ViewController.swift */,
				00D4D2D8214B814F000814D4 /* NetworkServices.swift */,
			);
			path = Controller;
			sourceTree = "<group>";
		};
		E3DDF8C1214EEB0A009D0929 /* NetworkServices */ = {
			isa = PBXGroup;
			children = (
				E3DDF8C2214EEB0A009D0929 /* NetworkServices.swift */,
				E3DDF8C4214EEB0A009D0929 /* Info.plist */,
			);
			path = NetworkServices;
			sourceTree = "<group>";
		};
/* End PBXGroup section */

/* Begin PBXNativeTarget section */
		E39ECE8A2147A04F00AC6608 /* TableView_Download_Image_GCD */ = {
			isa = PBXNativeTarget;
			buildConfigurationList = E39ECEB32147A05200AC6608 /* Build configuration list for PBXNativeTarget "TableView_Download_Image_GCD" */;
			buildPhases = (
				70EA0FD0A8BC84FE4482F226 /* [CP] Check Pods Manifest.lock */,
				E39ECE872147A04F00AC6608 /* Sources */,
				E39ECE882147A04F00AC6608 /* Frameworks */,
				E39ECE892147A04F00AC6608 /* Resources */,
				2C3612432B7F303AD9F9E2E2 /* [CP] Embed Pods Frameworks */,
			);
			buildRules = (
			);
			dependencies = (
			);
			name = TableView_Download_Image_GCD;
			productName = TableView_Download_Image_GCD;
			productReference = E39ECE8B2147A04F00AC6608 /* TableView_Download_Image_GCD.app */;
			productType = "com.apple.product-type.application";
		};
		E3DDF879214EB86D009D0929 /* TableView_Download_Image_Tests */ = {
			isa = PBXNativeTarget;
			buildConfigurationList = E3DDF881214EB86D009D0929 /* Build configuration list for PBXNativeTarget "TableView_Download_Image_Tests" */;
			buildPhases = (
				E3DDF876214EB86D009D0929 /* Sources */,
				E3DDF877214EB86D009D0929 /* Frameworks */,
				E3DDF878214EB86D009D0929 /* Resources */,
			);
			buildRules = (
			);
			dependencies = (
				E3DDF880214EB86D009D0929 /* PBXTargetDependency */,
			);
			name = TableView_Download_Image_Tests;
			productName = TableView_Download_Image_Tests;
			productReference = E3DDF87A214EB86D009D0929 /* TableView_Download_Image_Tests.xctest */;
			productType = "com.apple.product-type.bundle.unit-test";
		};
		E3DDF8BF214EEB0A009D0929 /* NetworkServices */ = {
			isa = PBXNativeTarget;
			buildConfigurationList = E3DDF8C7214EEB0A009D0929 /* Build configuration list for PBXNativeTarget "NetworkServices" */;
			buildPhases = (
				E3DDF8BC214EEB0A009D0929 /* Sources */,
				E3DDF8BD214EEB0A009D0929 /* Frameworks */,
				E3DDF8BE214EEB0A009D0929 /* Resources */,
			);
			buildRules = (
			);
			dependencies = (
				E3DDF8C6214EEB0A009D0929 /* PBXTargetDependency */,
			);
			name = NetworkServices;
			productName = NetworkServices;
			productReference = E3DDF8C0214EEB0A009D0929 /* NetworkServices.xctest */;
			productType = "com.apple.product-type.bundle.unit-test";
		};
/* End PBXNativeTarget section */

/* Begin PBXProject section */
		E39ECE832147A04F00AC6608 /* Project object */ = {
			isa = PBXProject;
			attributes = {
				LastSwiftUpdateCheck = 0940;
				LastUpgradeCheck = 0940;
				ORGANIZATIONNAME = "KAMAL KUMAR BEHERA";
				TargetAttributes = {
					E39ECE8A2147A04F00AC6608 = {
						CreatedOnToolsVersion = 9.4.1;
					};
					E3DDF879214EB86D009D0929 = {
						CreatedOnToolsVersion = 9.4.1;
						TestTargetID = E39ECE8A2147A04F00AC6608;
					};
					E3DDF8BF214EEB0A009D0929 = {
						CreatedOnToolsVersion = 9.4.1;
						TestTargetID = E39ECE8A2147A04F00AC6608;
					};
				};
			};
			buildConfigurationList = E39ECE862147A04F00AC6608 /* Build configuration list for PBXProject "TableView_Download_Image_GCD" */;
			compatibilityVersion = "Xcode 9.3";
			developmentRegion = en;
			hasScannedForEncodings = 0;
			knownRegions = (
				en,
				Base,
			);
			mainGroup = E39ECE822147A04F00AC6608;
			productRefGroup = E39ECE8C2147A04F00AC6608 /* Products */;
			projectDirPath = "";
			projectRoot = "";
			targets = (
				E39ECE8A2147A04F00AC6608 /* TableView_Download_Image_GCD */,
				E3DDF879214EB86D009D0929 /* TableView_Download_Image_Tests */,
				E3DDF8BF214EEB0A009D0929 /* NetworkServices */,
			);
		};
/* End PBXProject section */

/* Begin PBXResourcesBuildPhase section */
		E39ECE892147A04F00AC6608 /* Resources */ = {
			isa = PBXResourcesBuildPhase;
			buildActionMask = 2147483647;
			files = (
				E39ECE992147A05200AC6608 /* LaunchScreen.storyboard in Resources */,
				E39ECE962147A05200AC6608 /* Assets.xcassets in Resources */,
				E39ECE942147A04F00AC6608 /* Main.storyboard in Resources */,
			);
			runOnlyForDeploymentPostprocessing = 0;
		};
		E3DDF878214EB86D009D0929 /* Resources */ = {
			isa = PBXResourcesBuildPhase;
			buildActionMask = 2147483647;
			files = (
			);
			runOnlyForDeploymentPostprocessing = 0;
		};
		E3DDF8BE214EEB0A009D0929 /* Resources */ = {
			isa = PBXResourcesBuildPhase;
			buildActionMask = 2147483647;
			files = (
			);
			runOnlyForDeploymentPostprocessing = 0;
		};
/* End PBXResourcesBuildPhase section */

/* Begin PBXShellScriptBuildPhase section */
		2C3612432B7F303AD9F9E2E2 /* [CP] Embed Pods Frameworks */ = {
			isa = PBXShellScriptBuildPhase;
			buildActionMask = 2147483647;
			files = (
			);
			inputPaths = (
				"${SRCROOT}/Pods/Target Support Files/Pods-TableView_Download_Image_GCD/Pods-TableView_Download_Image_GCD-frameworks.sh",
				"${BUILT_PRODUCTS_DIR}/Alamofire/Alamofire.framework",
				"${BUILT_PRODUCTS_DIR}/SDWebImage/SDWebImage.framework",
			);
			name = "[CP] Embed Pods Frameworks";
			outputPaths = (
				"${TARGET_BUILD_DIR}/${FRAMEWORKS_FOLDER_PATH}/Alamofire.framework",
				"${TARGET_BUILD_DIR}/${FRAMEWORKS_FOLDER_PATH}/SDWebImage.framework",
			);
			runOnlyForDeploymentPostprocessing = 0;
			shellPath = /bin/sh;
			shellScript = "\"${SRCROOT}/Pods/Target Support Files/Pods-TableView_Download_Image_GCD/Pods-TableView_Download_Image_GCD-frameworks.sh\"\n";
			showEnvVarsInLog = 0;
		};
		70EA0FD0A8BC84FE4482F226 /* [CP] Check Pods Manifest.lock */ = {
			isa = PBXShellScriptBuildPhase;
			buildActionMask = 2147483647;
			files = (
			);
			inputPaths = (
				"${PODS_PODFILE_DIR_PATH}/Podfile.lock",
				"${PODS_ROOT}/Manifest.lock",
			);
			name = "[CP] Check Pods Manifest.lock";
			outputPaths = (
				"$(DERIVED_FILE_DIR)/Pods-TableView_Download_Image_GCD-checkManifestLockResult.txt",
			);
			runOnlyForDeploymentPostprocessing = 0;
			shellPath = /bin/sh;
			shellScript = "diff \"${PODS_PODFILE_DIR_PATH}/Podfile.lock\" \"${PODS_ROOT}/Manifest.lock\" > /dev/null\nif [ $? != 0 ] ; then\n    # print error to STDERR\n    echo \"error: The sandbox is not in sync with the Podfile.lock. Run 'pod install' or update your CocoaPods installation.\" >&2\n    exit 1\nfi\n# This output is used by Xcode 'outputs' to avoid re-running this script phase.\necho \"SUCCESS\" > \"${SCRIPT_OUTPUT_FILE_0}\"\n";
			showEnvVarsInLog = 0;
		};
/* End PBXShellScriptBuildPhase section */

/* Begin PBXSourcesBuildPhase section */
		E39ECE872147A04F00AC6608 /* Sources */ = {
			isa = PBXSourcesBuildPhase;
			buildActionMask = 2147483647;
			files = (
				00D4D2D9214B814F000814D4 /* NetworkServices.swift in Sources */,
				E39ECEBD2147BBCA00AC6608 /* DataModel.swift in Sources */,
				E39ECEC32147CF1300AC6608 /* CustomTableViewCell.swift in Sources */,
				E39ECE912147A04F00AC6608 /* ViewController.swift in Sources */,
				E39ECE8F2147A04F00AC6608 /* AppDelegate.swift in Sources */,
			);
			runOnlyForDeploymentPostprocessing = 0;
		};
		E3DDF876214EB86D009D0929 /* Sources */ = {
			isa = PBXSourcesBuildPhase;
			buildActionMask = 2147483647;
			files = (
				E3DDF87D214EB86D009D0929 /* TableView_Download_Image_Tests.swift in Sources */,
			);
			runOnlyForDeploymentPostprocessing = 0;
		};
		E3DDF8BC214EEB0A009D0929 /* Sources */ = {
			isa = PBXSourcesBuildPhase;
			buildActionMask = 2147483647;
			files = (
				E3DDF8C3214EEB0A009D0929 /* NetworkServices.swift in Sources */,
			);
			runOnlyForDeploymentPostprocessing = 0;
		};
/* End PBXSourcesBuildPhase section */

/* Begin PBXTargetDependency section */
		E3DDF880214EB86D009D0929 /* PBXTargetDependency */ = {
			isa = PBXTargetDependency;
			target = E39ECE8A2147A04F00AC6608 /* TableView_Download_Image_GCD */;
			targetProxy = E3DDF87F214EB86D009D0929 /* PBXContainerItemProxy */;
		};
		E3DDF8C6214EEB0A009D0929 /* PBXTargetDependency */ = {
			isa = PBXTargetDependency;
			target = E39ECE8A2147A04F00AC6608 /* TableView_Download_Image_GCD */;
			targetProxy = E3DDF8C5214EEB0A009D0929 /* PBXContainerItemProxy */;
		};
/* End PBXTargetDependency section */

/* Begin PBXVariantGroup section */
		E39ECE922147A04F00AC6608 /* Main.storyboard */ = {
			isa = PBXVariantGroup;
			children = (
				E39ECE932147A04F00AC6608 /* Base */,
			);
			name = Main.storyboard;
			sourceTree = "<group>";
		};
		E39ECE972147A05200AC6608 /* LaunchScreen.storyboard */ = {
			isa = PBXVariantGroup;
			children = (
				E39ECE982147A05200AC6608 /* Base */,
			);
			name = LaunchScreen.storyboard;
			sourceTree = "<group>";
		};
/* End PBXVariantGroup section */

/* Begin XCBuildConfiguration section */
		E39ECEB12147A05200AC6608 /* Debug */ = {
			isa = XCBuildConfiguration;
			buildSettings = {
				ALWAYS_SEARCH_USER_PATHS = NO;
				CLANG_ANALYZER_NONNULL = YES;
				CLANG_ANALYZER_NUMBER_OBJECT_CONVERSION = YES_AGGRESSIVE;
				CLANG_CXX_LANGUAGE_STANDARD = "gnu++14";
				CLANG_CXX_LIBRARY = "libc++";
				CLANG_ENABLE_MODULES = YES;
				CLANG_ENABLE_OBJC_ARC = YES;
				CLANG_ENABLE_OBJC_WEAK = YES;
				CLANG_WARN_BLOCK_CAPTURE_AUTORELEASING = YES;
				CLANG_WARN_BOOL_CONVERSION = YES;
				CLANG_WARN_COMMA = YES;
				CLANG_WARN_CONSTANT_CONVERSION = YES;
				CLANG_WARN_DEPRECATED_OBJC_IMPLEMENTATIONS = YES;
				CLANG_WARN_DIRECT_OBJC_ISA_USAGE = YES_ERROR;
				CLANG_WARN_DOCUMENTATION_COMMENTS = YES;
				CLANG_WARN_EMPTY_BODY = YES;
				CLANG_WARN_ENUM_CONVERSION = YES;
				CLANG_WARN_INFINITE_RECURSION = YES;
				CLANG_WARN_INT_CONVERSION = YES;
				CLANG_WARN_NON_LITERAL_NULL_CONVERSION = YES;
				CLANG_WARN_OBJC_IMPLICIT_RETAIN_SELF = YES;
				CLANG_WARN_OBJC_LITERAL_CONVERSION = YES;
				CLANG_WARN_OBJC_ROOT_CLASS = YES_ERROR;
				CLANG_WARN_RANGE_LOOP_ANALYSIS = YES;
				CLANG_WARN_STRICT_PROTOTYPES = YES;
				CLANG_WARN_SUSPICIOUS_MOVE = YES;
				CLANG_WARN_UNGUARDED_AVAILABILITY = YES_AGGRESSIVE;
				CLANG_WARN_UNREACHABLE_CODE = YES;
				CLANG_WARN__DUPLICATE_METHOD_MATCH = YES;
				CODE_SIGN_IDENTITY = "iPhone Developer";
				COPY_PHASE_STRIP = NO;
				DEBUG_INFORMATION_FORMAT = dwarf;
				ENABLE_STRICT_OBJC_MSGSEND = YES;
				ENABLE_TESTABILITY = YES;
				GCC_C_LANGUAGE_STANDARD = gnu11;
				GCC_DYNAMIC_NO_PIC = NO;
				GCC_NO_COMMON_BLOCKS = YES;
				GCC_OPTIMIZATION_LEVEL = 0;
				GCC_PREPROCESSOR_DEFINITIONS = (
					"DEBUG=1",
					"$(inherited)",
				);
				GCC_WARN_64_TO_32_BIT_CONVERSION = YES;
				GCC_WARN_ABOUT_RETURN_TYPE = YES_ERROR;
				GCC_WARN_UNDECLARED_SELECTOR = YES;
				GCC_WARN_UNINITIALIZED_AUTOS = YES_AGGRESSIVE;
				GCC_WARN_UNUSED_FUNCTION = YES;
				GCC_WARN_UNUSED_VARIABLE = YES;
				IPHONEOS_DEPLOYMENT_TARGET = 11.4;
				MTL_ENABLE_DEBUG_INFO = YES;
				ONLY_ACTIVE_ARCH = YES;
				SDKROOT = iphoneos;
				SWIFT_ACTIVE_COMPILATION_CONDITIONS = DEBUG;
				SWIFT_OPTIMIZATION_LEVEL = "-Onone";
			};
			name = Debug;
		};
		E39ECEB22147A05200AC6608 /* Release */ = {
			isa = XCBuildConfiguration;
			buildSettings = {
				ALWAYS_SEARCH_USER_PATHS = NO;
				CLANG_ANALYZER_NONNULL = YES;
				CLANG_ANALYZER_NUMBER_OBJECT_CONVERSION = YES_AGGRESSIVE;
				CLANG_CXX_LANGUAGE_STANDARD = "gnu++14";
				CLANG_CXX_LIBRARY = "libc++";
				CLANG_ENABLE_MODULES = YES;
				CLANG_ENABLE_OBJC_ARC = YES;
				CLANG_ENABLE_OBJC_WEAK = YES;
				CLANG_WARN_BLOCK_CAPTURE_AUTORELEASING = YES;
				CLANG_WARN_BOOL_CONVERSION = YES;
				CLANG_WARN_COMMA = YES;
				CLANG_WARN_CONSTANT_CONVERSION = YES;
				CLANG_WARN_DEPRECATED_OBJC_IMPLEMENTATIONS = YES;
				CLANG_WARN_DIRECT_OBJC_ISA_USAGE = YES_ERROR;
				CLANG_WARN_DOCUMENTATION_COMMENTS = YES;
				CLANG_WARN_EMPTY_BODY = YES;
				CLANG_WARN_ENUM_CONVERSION = YES;
				CLANG_WARN_INFINITE_RECURSION = YES;
				CLANG_WARN_INT_CONVERSION = YES;
				CLANG_WARN_NON_LITERAL_NULL_CONVERSION = YES;
				CLANG_WARN_OBJC_IMPLICIT_RETAIN_SELF = YES;
				CLANG_WARN_OBJC_LITERAL_CONVERSION = YES;
				CLANG_WARN_OBJC_ROOT_CLASS = YES_ERROR;
				CLANG_WARN_RANGE_LOOP_ANALYSIS = YES;
				CLANG_WARN_STRICT_PROTOTYPES = YES;
				CLANG_WARN_SUSPICIOUS_MOVE = YES;
				CLANG_WARN_UNGUARDED_AVAILABILITY = YES_AGGRESSIVE;
				CLANG_WARN_UNREACHABLE_CODE = YES;
				CLANG_WARN__DUPLICATE_METHOD_MATCH = YES;
				CODE_SIGN_IDENTITY = "iPhone Developer";
				COPY_PHASE_STRIP = NO;
				DEBUG_INFORMATION_FORMAT = "dwarf-with-dsym";
				ENABLE_NS_ASSERTIONS = NO;
				ENABLE_STRICT_OBJC_MSGSEND = YES;
				GCC_C_LANGUAGE_STANDARD = gnu11;
				GCC_NO_COMMON_BLOCKS = YES;
				GCC_WARN_64_TO_32_BIT_CONVERSION = YES;
				GCC_WARN_ABOUT_RETURN_TYPE = YES_ERROR;
				GCC_WARN_UNDECLARED_SELECTOR = YES;
				GCC_WARN_UNINITIALIZED_AUTOS = YES_AGGRESSIVE;
				GCC_WARN_UNUSED_FUNCTION = YES;
				GCC_WARN_UNUSED_VARIABLE = YES;
				IPHONEOS_DEPLOYMENT_TARGET = 11.4;
				MTL_ENABLE_DEBUG_INFO = NO;
				SDKROOT = iphoneos;
				SWIFT_COMPILATION_MODE = wholemodule;
				SWIFT_OPTIMIZATION_LEVEL = "-O";
				VALIDATE_PRODUCT = YES;
			};
			name = Release;
		};
		E39ECEB42147A05200AC6608 /* Debug */ = {
			isa = XCBuildConfiguration;
			baseConfigurationReference = 05D4E9CA5DE61D860A2F4B66 /* Pods-TableView_Download_Image_GCD.debug.xcconfig */;
			buildSettings = {
				ASSETCATALOG_COMPILER_APPICON_NAME = AppIcon;
				CODE_SIGN_STYLE = Automatic;
				DEVELOPMENT_TEAM = KBMS999ZL9;
				INFOPLIST_FILE = TableView_Download_Image_GCD/Info.plist;
				LD_RUNPATH_SEARCH_PATHS = (
					"$(inherited)",
					"@executable_path/Frameworks",
				);
				ONLY_ACTIVE_ARCH = NO;
				PRODUCT_BUNDLE_IDENTIFIER = "KAMAL.TableView-Download-Image-GCD";
				PRODUCT_NAME = "$(TARGET_NAME)";
				SWIFT_OBJC_BRIDGING_HEADER = "$(PROJECT_DIR)/TableView_Download_Image_GCD/TableView_Download_Image_GCD-Bridging-Header.h";
				SWIFT_VERSION = 4.0;
				TARGETED_DEVICE_FAMILY = "1,2";
			};
			name = Debug;
		};
		E39ECEB52147A05200AC6608 /* Release */ = {
			isa = XCBuildConfiguration;
			baseConfigurationReference = 0A459ECEA2579A009DF7DA5F /* Pods-TableView_Download_Image_GCD.release.xcconfig */;
			buildSettings = {
				ASSETCATALOG_COMPILER_APPICON_NAME = AppIcon;
				CODE_SIGN_STYLE = Automatic;
				DEVELOPMENT_TEAM = KBMS999ZL9;
				INFOPLIST_FILE = TableView_Download_Image_GCD/Info.plist;
				LD_RUNPATH_SEARCH_PATHS = (
					"$(inherited)",
					"@executable_path/Frameworks",
				);
				ONLY_ACTIVE_ARCH = NO;
				PRODUCT_BUNDLE_IDENTIFIER = "KAMAL.TableView-Download-Image-GCD";
				PRODUCT_NAME = "$(TARGET_NAME)";
				SWIFT_OBJC_BRIDGING_HEADER = "$(PROJECT_DIR)/TableView_Download_Image_GCD/TableView_Download_Image_GCD-Bridging-Header.h";
				SWIFT_VERSION = 4.0;
				TARGETED_DEVICE_FAMILY = "1,2";
			};
			name = Release;
		};
		E3DDF882214EB86D009D0929 /* Debug */ = {
			isa = XCBuildConfiguration;
			buildSettings = {
				BUNDLE_LOADER = "$(TEST_HOST)";
				CODE_SIGN_STYLE = Automatic;
				DEVELOPMENT_TEAM = KBMS999ZL9;
				INFOPLIST_FILE = TableView_Download_Image_Tests/Info.plist;
				LD_RUNPATH_SEARCH_PATHS = (
					"$(inherited)",
					"@executable_path/Frameworks",
					"@loader_path/Frameworks",
				);
				PRODUCT_BUNDLE_IDENTIFIER = "KAMAL.TableView-Download-Image-Tests";
				PRODUCT_NAME = "$(TARGET_NAME)";
				SWIFT_VERSION = 4.0;
				TARGETED_DEVICE_FAMILY = "1,2";
				TEST_HOST = "$(BUILT_PRODUCTS_DIR)/TableView_Download_Image_GCD.app/TableView_Download_Image_GCD";
			};
			name = Debug;
		};
		E3DDF883214EB86D009D0929 /* Release */ = {
			isa = XCBuildConfiguration;
			buildSettings = {
				BUNDLE_LOADER = "$(TEST_HOST)";
				CODE_SIGN_STYLE = Automatic;
				DEVELOPMENT_TEAM = KBMS999ZL9;
				INFOPLIST_FILE = TableView_Download_Image_Tests/Info.plist;
				LD_RUNPATH_SEARCH_PATHS = (
					"$(inherited)",
					"@executable_path/Frameworks",
					"@loader_path/Frameworks",
				);
				PRODUCT_BUNDLE_IDENTIFIER = "KAMAL.TableView-Download-Image-Tests";
				PRODUCT_NAME = "$(TARGET_NAME)";
				SWIFT_VERSION = 4.0;
				TARGETED_DEVICE_FAMILY = "1,2";
				TEST_HOST = "$(BUILT_PRODUCTS_DIR)/TableView_Download_Image_GCD.app/TableView_Download_Image_GCD";
			};
			name = Release;
		};
		E3DDF8C8214EEB0A009D0929 /* Debug */ = {
			isa = XCBuildConfiguration;
			buildSettings = {
				BUNDLE_LOADER = "$(TEST_HOST)";
				CODE_SIGN_STYLE = Automatic;
				DEVELOPMENT_TEAM = KBMS999ZL9;
				INFOPLIST_FILE = NetworkServices/Info.plist;
				LD_RUNPATH_SEARCH_PATHS = (
					"$(inherited)",
					"@executable_path/Frameworks",
					"@loader_path/Frameworks",
				);
				PRODUCT_BUNDLE_IDENTIFIER = KAMAL.NetworkServices;
				PRODUCT_NAME = "$(TARGET_NAME)";
				SWIFT_VERSION = 4.0;
				TARGETED_DEVICE_FAMILY = "1,2";
				TEST_HOST = "$(BUILT_PRODUCTS_DIR)/TableView_Download_Image_GCD.app/TableView_Download_Image_GCD";
			};
			name = Debug;
		};
		E3DDF8C9214EEB0A009D0929 /* Release */ = {
			isa = XCBuildConfiguration;
			buildSettings = {
				BUNDLE_LOADER = "$(TEST_HOST)";
				CODE_SIGN_STYLE = Automatic;
				DEVELOPMENT_TEAM = KBMS999ZL9;
				INFOPLIST_FILE = NetworkServices/Info.plist;
				LD_RUNPATH_SEARCH_PATHS = (
					"$(inherited)",
					"@executable_path/Frameworks",
					"@loader_path/Frameworks",
				);
				PRODUCT_BUNDLE_IDENTIFIER = KAMAL.NetworkServices;
				PRODUCT_NAME = "$(TARGET_NAME)";
				SWIFT_VERSION = 4.0;
				TARGETED_DEVICE_FAMILY = "1,2";
				TEST_HOST = "$(BUILT_PRODUCTS_DIR)/TableView_Download_Image_GCD.app/TableView_Download_Image_GCD";
			};
			name = Release;
		};
/* End XCBuildConfiguration section */

/* Begin XCConfigurationList section */
		E39ECE862147A04F00AC6608 /* Build configuration list for PBXProject "TableView_Download_Image_GCD" */ = {
			isa = XCConfigurationList;
			buildConfigurations = (
				E39ECEB12147A05200AC6608 /* Debug */,
				E39ECEB22147A05200AC6608 /* Release */,
			);
			defaultConfigurationIsVisible = 0;
			defaultConfigurationName = Release;
		};
		E39ECEB32147A05200AC6608 /* Build configuration list for PBXNativeTarget "TableView_Download_Image_GCD" */ = {
			isa = XCConfigurationList;
			buildConfigurations = (
				E39ECEB42147A05200AC6608 /* Debug */,
				E39ECEB52147A05200AC6608 /* Release */,
			);
			defaultConfigurationIsVisible = 0;
			defaultConfigurationName = Release;
		};
		E3DDF881214EB86D009D0929 /* Build configuration list for PBXNativeTarget "TableView_Download_Image_Tests" */ = {
			isa = XCConfigurationList;
			buildConfigurations = (
				E3DDF882214EB86D009D0929 /* Debug */,
				E3DDF883214EB86D009D0929 /* Release */,
			);
			defaultConfigurationIsVisible = 0;
			defaultConfigurationName = Release;
		};
		E3DDF8C7214EEB0A009D0929 /* Build configuration list for PBXNativeTarget "NetworkServices" */ = {
			isa = XCConfigurationList;
			buildConfigurations = (
				E3DDF8C8214EEB0A009D0929 /* Debug */,
				E3DDF8C9214EEB0A009D0929 /* Release */,
			);
			defaultConfigurationIsVisible = 0;
			defaultConfigurationName = Release;
		};
/* End XCConfigurationList section */
	};
	rootObject = E39ECE832147A04F00AC6608 /* Project object */;
}
